{
  "version": 4,
  "terraform_version": "0.12.3",
  "serial": 33,
  "lineage": "d5b3eea3-4300-9105-c146-50e6e48e5123",
  "outputs": {},
  "resources": [
    {
      "mode": "managed",
      "type": "google_compute_firewall",
      "name": "default",
      "provider": "provider.google",
      "instances": [
        {
          "schema_version": 1,
          "attributes": {
            "allow": [
              {
                "ports": [
                  "22",
                  "8080",
                  "4200"
                ],
                "protocol": "tcp"
              },
              {
                "ports": [],
                "protocol": "icmp"
              }
            ],
            "creation_timestamp": "2019-07-11T07:32:49.441-07:00",
            "deny": [],
            "description": "",
            "destination_ranges": [],
            "direction": "INGRESS",
            "disabled": false,
            "id": "mean-machine-firewall",
            "name": "mean-machine-firewall",
            "network": "https://www.googleapis.com/compute/v1/projects/example-project-246215/global/networks/default",
            "priority": 1000,
            "project": "example-project-246215",
            "self_link": "https://www.googleapis.com/compute/v1/projects/example-project-246215/global/firewalls/mean-machine-firewall",
            "source_ranges": [
              "0.0.0.0/0"
            ],
            "source_service_accounts": null,
            "source_tags": null,
            "target_service_accounts": null,
            "target_tags": [
              "mean-machine"
            ],
            "timeouts": null
          },
          "private": "eyJlMmJmYjczMC1lY2FhLTExZTYtOGY4OC0zNDM2M2JjN2M0YzAiOnsiY3JlYXRlIjoyNDAwMDAwMDAwMDAsImRlbGV0ZSI6MjQwMDAwMDAwMDAwLCJ1cGRhdGUiOjI0MDAwMDAwMDAwMH0sInNjaGVtYV92ZXJzaW9uIjoiMSJ9"
        }
      ]
    },
    {
      "mode": "managed",
      "type": "google_compute_instance",
      "name": "default",
      "provider": "provider.google",
      "instances": [
        {
          "schema_version": 6,
          "attributes": {
            "allow_stopping_for_update": null,
            "attached_disk": [],
            "boot_disk": [
              {
                "auto_delete": true,
                "device_name": "persistent-disk-0",
                "disk_encryption_key_raw": "",
                "disk_encryption_key_sha256": "",
                "initialize_params": [
                  {
                    "image": "https://www.googleapis.com/compute/v1/projects/ubuntu-os-cloud/global/images/ubuntu-1804-bionic-v20190628",
                    "size": 10,
                    "type": "pd-standard"
                  }
                ],
                "kms_key_self_link": "",
                "source": "https://www.googleapis.com/compute/v1/projects/example-project-246215/zones/europe-west2-c/disks/mean-machine"
              }
            ],
            "can_ip_forward": false,
            "cpu_platform": "Intel Broadwell",
            "deletion_protection": false,
            "description": null,
            "disk": [],
            "guest_accelerator": [],
            "hostname": "",
            "id": "mean-machine",
            "instance_id": "5348871226612446844",
            "label_fingerprint": "42WmSpB8rSM=",
            "labels": null,
            "machine_type": "n1-standard-1",
            "metadata": {
              "sshKeys": "terraform:ssh-rsa AAAAB3NzaC1yc2EAAAADAQABAAABAQDLqvzXxo3pMtYl7+rhcXFDdnQ6/WaDPFy0oYgxOxH322eRR8cPPWGloSlEBdpmczl14l3e42d/xeUnT4HoWkAiQePRChfBPKl8LTXrkEz//bXZRFNOtxpqgQjeJyUszEHncHPvLgpYh3Wfuph8lT8j6uE13o+ledA+76YUo8GL8DDZtTFRdob/ewlTm6ygcyZIGgkqmSWQj5Jn4cYa1g4BYol+vMSbxi7xi6Hw5PPeMdXm2o/y1TjfxAYgGQ8Hh0lzQ+3nFWsOExjsASxeSv0VNOHhZP/lynjg2QRu8vANX+MbeHRVPjkNoUKLlaLC60Fk2mdm17O+DERYfDc2+qZp"
            },
            "metadata_fingerprint": "d9xz2dqsL3U=",
            "metadata_startup_script": "",
            "min_cpu_platform": "",
            "name": "mean-machine",
            "network_interface": [
              {
                "access_config": [
                  {
                    "assigned_nat_ip": "",
                    "nat_ip": "35.242.155.42",
                    "network_tier": "PREMIUM",
                    "public_ptr_domain_name": ""
                  }
                ],
                "address": "",
                "alias_ip_range": [],
                "name": "nic0",
                "network": "https://www.googleapis.com/compute/v1/projects/example-project-246215/global/networks/default",
                "network_ip": "10.154.0.14",
                "subnetwork": "https://www.googleapis.com/compute/v1/projects/example-project-246215/regions/europe-west2/subnetworks/default",
                "subnetwork_project": "example-project-246215"
              }
            ],
            "project": "example-project-246215",
            "scheduling": [
              {
                "automatic_restart": true,
                "node_affinities": [],
                "on_host_maintenance": "MIGRATE",
                "preemptible": false
              }
            ],
            "scratch_disk": [],
            "self_link": "https://www.googleapis.com/compute/v1/projects/example-project-246215/zones/europe-west2-c/instances/mean-machine",
            "service_account": [],
            "shielded_instance_config": [],
            "tags": [
              "mean-machine"
            ],
            "tags_fingerprint": "gzjcDGJIlMY=",
            "timeouts": null,
            "zone": "europe-west2-c"
          },
          "private": "eyJlMmJmYjczMC1lY2FhLTExZTYtOGY4OC0zNDM2M2JjN2M0YzAiOnsiY3JlYXRlIjoxMjAwMDAwMDAwMDAwLCJkZWxldGUiOjEyMDAwMDAwMDAwMDAsInVwZGF0ZSI6MTIwMDAwMDAwMDAwMH0sInNjaGVtYV92ZXJzaW9uIjoiNiJ9"
        }
      ]
    }
  ]
}
